// !$*UTF8*$!
{
	archiveVersion = 1;
	classes = {
	};
	objectVersion = 77;
	objects = {

/* Begin PBXFileReference section */
<<<<<<< HEAD
		0005C8DE2F20418C006E7339 /* DayMode.app */ = {isa = PBXFileReference; explicitFileType = wrapper.application; includeInIndex = 0; path = DayMode.app; sourceTree = BUILT_PRODUCTS_DIR; };
/* End PBXFileReference section */

/* Begin PBXFileSystemSynchronizedRootGroup section */
		0005C8E02F20418C006E7339 /* DayMode */ = {
=======
		001668CB2F2BF59B0092C385 /* DayMode.app */ = {isa = PBXFileReference; explicitFileType = wrapper.application; includeInIndex = 0; path = DayMode.app; sourceTree = BUILT_PRODUCTS_DIR; };
/* End PBXFileReference section */

/* Begin PBXFileSystemSynchronizedRootGroup section */
		001668CD2F2BF59B0092C385 /* DayMode */ = {
>>>>>>> da385e9 (Initial Commit)
			isa = PBXFileSystemSynchronizedRootGroup;
			path = DayMode;
			sourceTree = "<group>";
		};
/* End PBXFileSystemSynchronizedRootGroup section */

/* Begin PBXFrameworksBuildPhase section */
<<<<<<< HEAD
		0005C8DB2F20418C006E7339 /* Frameworks */ = {
=======
		001668C82F2BF59B0092C385 /* Frameworks */ = {
>>>>>>> da385e9 (Initial Commit)
			isa = PBXFrameworksBuildPhase;
			buildActionMask = 2147483647;
			files = (
			);
			runOnlyForDeploymentPostprocessing = 0;
		};
/* End PBXFrameworksBuildPhase section */

/* Begin PBXGroup section */
<<<<<<< HEAD
		0005C8D52F20418C006E7339 = {
			isa = PBXGroup;
			children = (
				0005C8E02F20418C006E7339 /* DayMode */,
				0005C8DF2F20418C006E7339 /* Products */,
			);
			sourceTree = "<group>";
		};
		0005C8DF2F20418C006E7339 /* Products */ = {
			isa = PBXGroup;
			children = (
				0005C8DE2F20418C006E7339 /* DayMode.app */,
=======
		001668C22F2BF59B0092C385 = {
			isa = PBXGroup;
			children = (
				001668CD2F2BF59B0092C385 /* DayMode */,
				001668CC2F2BF59B0092C385 /* Products */,
			);
			sourceTree = "<group>";
		};
		001668CC2F2BF59B0092C385 /* Products */ = {
			isa = PBXGroup;
			children = (
				001668CB2F2BF59B0092C385 /* DayMode.app */,
>>>>>>> da385e9 (Initial Commit)
			);
			name = Products;
			sourceTree = "<group>";
		};
/* End PBXGroup section */

/* Begin PBXNativeTarget section */
<<<<<<< HEAD
		0005C8DD2F20418C006E7339 /* DayMode */ = {
			isa = PBXNativeTarget;
			buildConfigurationList = 0005C8E92F20418E006E7339 /* Build configuration list for PBXNativeTarget "DayMode" */;
			buildPhases = (
				0005C8DA2F20418C006E7339 /* Sources */,
				0005C8DB2F20418C006E7339 /* Frameworks */,
				0005C8DC2F20418C006E7339 /* Resources */,
=======
		001668CA2F2BF59B0092C385 /* DayMode */ = {
			isa = PBXNativeTarget;
			buildConfigurationList = 001668D62F2BF59C0092C385 /* Build configuration list for PBXNativeTarget "DayMode" */;
			buildPhases = (
				001668C72F2BF59B0092C385 /* Sources */,
				001668C82F2BF59B0092C385 /* Frameworks */,
				001668C92F2BF59B0092C385 /* Resources */,
>>>>>>> da385e9 (Initial Commit)
			);
			buildRules = (
			);
			dependencies = (
			);
			fileSystemSynchronizedGroups = (
<<<<<<< HEAD
				0005C8E02F20418C006E7339 /* DayMode */,
=======
				001668CD2F2BF59B0092C385 /* DayMode */,
>>>>>>> da385e9 (Initial Commit)
			);
			name = DayMode;
			packageProductDependencies = (
			);
			productName = DayMode;
<<<<<<< HEAD
			productReference = 0005C8DE2F20418C006E7339 /* DayMode.app */;
=======
			productReference = 001668CB2F2BF59B0092C385 /* DayMode.app */;
>>>>>>> da385e9 (Initial Commit)
			productType = "com.apple.product-type.application";
		};
/* End PBXNativeTarget section */

/* Begin PBXProject section */
<<<<<<< HEAD
		0005C8D62F20418C006E7339 /* Project object */ = {
=======
		001668C32F2BF59B0092C385 /* Project object */ = {
>>>>>>> da385e9 (Initial Commit)
			isa = PBXProject;
			attributes = {
				BuildIndependentTargetsInParallel = 1;
				LastSwiftUpdateCheck = 2620;
				LastUpgradeCheck = 2620;
				TargetAttributes = {
<<<<<<< HEAD
					0005C8DD2F20418C006E7339 = {
=======
					001668CA2F2BF59B0092C385 = {
>>>>>>> da385e9 (Initial Commit)
						CreatedOnToolsVersion = 26.2;
					};
				};
			};
<<<<<<< HEAD
			buildConfigurationList = 0005C8D92F20418C006E7339 /* Build configuration list for PBXProject "DayMode" */;
=======
			buildConfigurationList = 001668C62F2BF59B0092C385 /* Build configuration list for PBXProject "DayMode" */;
>>>>>>> da385e9 (Initial Commit)
			developmentRegion = en;
			hasScannedForEncodings = 0;
			knownRegions = (
				en,
				Base,
			);
<<<<<<< HEAD
			mainGroup = 0005C8D52F20418C006E7339;
			minimizedProjectReferenceProxies = 1;
			preferredProjectObjectVersion = 77;
			productRefGroup = 0005C8DF2F20418C006E7339 /* Products */;
			projectDirPath = "";
			projectRoot = "";
			targets = (
				0005C8DD2F20418C006E7339 /* DayMode */,
=======
			mainGroup = 001668C22F2BF59B0092C385;
			minimizedProjectReferenceProxies = 1;
			preferredProjectObjectVersion = 77;
			productRefGroup = 001668CC2F2BF59B0092C385 /* Products */;
			projectDirPath = "";
			projectRoot = "";
			targets = (
				001668CA2F2BF59B0092C385 /* DayMode */,
>>>>>>> da385e9 (Initial Commit)
			);
		};
/* End PBXProject section */

/* Begin PBXResourcesBuildPhase section */
<<<<<<< HEAD
		0005C8DC2F20418C006E7339 /* Resources */ = {
=======
		001668C92F2BF59B0092C385 /* Resources */ = {
>>>>>>> da385e9 (Initial Commit)
			isa = PBXResourcesBuildPhase;
			buildActionMask = 2147483647;
			files = (
			);
			runOnlyForDeploymentPostprocessing = 0;
		};
/* End PBXResourcesBuildPhase section */

/* Begin PBXSourcesBuildPhase section */
<<<<<<< HEAD
		0005C8DA2F20418C006E7339 /* Sources */ = {
=======
		001668C72F2BF59B0092C385 /* Sources */ = {
>>>>>>> da385e9 (Initial Commit)
			isa = PBXSourcesBuildPhase;
			buildActionMask = 2147483647;
			files = (
			);
			runOnlyForDeploymentPostprocessing = 0;
		};
/* End PBXSourcesBuildPhase section */

/* Begin XCBuildConfiguration section */
<<<<<<< HEAD
		0005C8E72F20418E006E7339 /* Debug */ = {
=======
		001668D42F2BF59C0092C385 /* Debug */ = {
>>>>>>> da385e9 (Initial Commit)
			isa = XCBuildConfiguration;
			buildSettings = {
				ALWAYS_SEARCH_USER_PATHS = NO;
				ASSETCATALOG_COMPILER_GENERATE_SWIFT_ASSET_SYMBOL_EXTENSIONS = YES;
				CLANG_ANALYZER_NONNULL = YES;
				CLANG_ANALYZER_NUMBER_OBJECT_CONVERSION = YES_AGGRESSIVE;
				CLANG_CXX_LANGUAGE_STANDARD = "gnu++20";
				CLANG_ENABLE_MODULES = YES;
				CLANG_ENABLE_OBJC_ARC = YES;
				CLANG_ENABLE_OBJC_WEAK = YES;
				CLANG_WARN_BLOCK_CAPTURE_AUTORELEASING = YES;
				CLANG_WARN_BOOL_CONVERSION = YES;
				CLANG_WARN_COMMA = YES;
				CLANG_WARN_CONSTANT_CONVERSION = YES;
				CLANG_WARN_DEPRECATED_OBJC_IMPLEMENTATIONS = YES;
				CLANG_WARN_DIRECT_OBJC_ISA_USAGE = YES_ERROR;
				CLANG_WARN_DOCUMENTATION_COMMENTS = YES;
				CLANG_WARN_EMPTY_BODY = YES;
				CLANG_WARN_ENUM_CONVERSION = YES;
				CLANG_WARN_INFINITE_RECURSION = YES;
				CLANG_WARN_INT_CONVERSION = YES;
				CLANG_WARN_NON_LITERAL_NULL_CONVERSION = YES;
				CLANG_WARN_OBJC_IMPLICIT_RETAIN_SELF = YES;
				CLANG_WARN_OBJC_LITERAL_CONVERSION = YES;
				CLANG_WARN_OBJC_ROOT_CLASS = YES_ERROR;
				CLANG_WARN_QUOTED_INCLUDE_IN_FRAMEWORK_HEADER = YES;
				CLANG_WARN_RANGE_LOOP_ANALYSIS = YES;
				CLANG_WARN_STRICT_PROTOTYPES = YES;
				CLANG_WARN_SUSPICIOUS_MOVE = YES;
				CLANG_WARN_UNGUARDED_AVAILABILITY = YES_AGGRESSIVE;
				CLANG_WARN_UNREACHABLE_CODE = YES;
				CLANG_WARN__DUPLICATE_METHOD_MATCH = YES;
				COPY_PHASE_STRIP = NO;
				DEBUG_INFORMATION_FORMAT = dwarf;
				DEVELOPMENT_TEAM = YJ623CW64Z;
				ENABLE_STRICT_OBJC_MSGSEND = YES;
				ENABLE_TESTABILITY = YES;
				ENABLE_USER_SCRIPT_SANDBOXING = YES;
				GCC_C_LANGUAGE_STANDARD = gnu17;
				GCC_DYNAMIC_NO_PIC = NO;
				GCC_NO_COMMON_BLOCKS = YES;
				GCC_OPTIMIZATION_LEVEL = 0;
				GCC_PREPROCESSOR_DEFINITIONS = (
					"DEBUG=1",
					"$(inherited)",
				);
				GCC_WARN_64_TO_32_BIT_CONVERSION = YES;
				GCC_WARN_ABOUT_RETURN_TYPE = YES_ERROR;
				GCC_WARN_UNDECLARED_SELECTOR = YES;
				GCC_WARN_UNINITIALIZED_AUTOS = YES_AGGRESSIVE;
				GCC_WARN_UNUSED_FUNCTION = YES;
				GCC_WARN_UNUSED_VARIABLE = YES;
				IPHONEOS_DEPLOYMENT_TARGET = 26.2;
				LOCALIZATION_PREFERS_STRING_CATALOGS = YES;
				MTL_ENABLE_DEBUG_INFO = INCLUDE_SOURCE;
				MTL_FAST_MATH = YES;
				ONLY_ACTIVE_ARCH = YES;
				SDKROOT = iphoneos;
				SWIFT_ACTIVE_COMPILATION_CONDITIONS = "DEBUG $(inherited)";
				SWIFT_OPTIMIZATION_LEVEL = "-Onone";
			};
			name = Debug;
		};
<<<<<<< HEAD
		0005C8E82F20418E006E7339 /* Release */ = {
=======
		001668D52F2BF59C0092C385 /* Release */ = {
>>>>>>> da385e9 (Initial Commit)
			isa = XCBuildConfiguration;
			buildSettings = {
				ALWAYS_SEARCH_USER_PATHS = NO;
				ASSETCATALOG_COMPILER_GENERATE_SWIFT_ASSET_SYMBOL_EXTENSIONS = YES;
				CLANG_ANALYZER_NONNULL = YES;
				CLANG_ANALYZER_NUMBER_OBJECT_CONVERSION = YES_AGGRESSIVE;
				CLANG_CXX_LANGUAGE_STANDARD = "gnu++20";
				CLANG_ENABLE_MODULES = YES;
				CLANG_ENABLE_OBJC_ARC = YES;
				CLANG_ENABLE_OBJC_WEAK = YES;
				CLANG_WARN_BLOCK_CAPTURE_AUTORELEASING = YES;
				CLANG_WARN_BOOL_CONVERSION = YES;
				CLANG_WARN_COMMA = YES;
				CLANG_WARN_CONSTANT_CONVERSION = YES;
				CLANG_WARN_DEPRECATED_OBJC_IMPLEMENTATIONS = YES;
				CLANG_WARN_DIRECT_OBJC_ISA_USAGE = YES_ERROR;
				CLANG_WARN_DOCUMENTATION_COMMENTS = YES;
				CLANG_WARN_EMPTY_BODY = YES;
				CLANG_WARN_ENUM_CONVERSION = YES;
				CLANG_WARN_INFINITE_RECURSION = YES;
				CLANG_WARN_INT_CONVERSION = YES;
				CLANG_WARN_NON_LITERAL_NULL_CONVERSION = YES;
				CLANG_WARN_OBJC_IMPLICIT_RETAIN_SELF = YES;
				CLANG_WARN_OBJC_LITERAL_CONVERSION = YES;
				CLANG_WARN_OBJC_ROOT_CLASS = YES_ERROR;
				CLANG_WARN_QUOTED_INCLUDE_IN_FRAMEWORK_HEADER = YES;
				CLANG_WARN_RANGE_LOOP_ANALYSIS = YES;
				CLANG_WARN_STRICT_PROTOTYPES = YES;
				CLANG_WARN_SUSPICIOUS_MOVE = YES;
				CLANG_WARN_UNGUARDED_AVAILABILITY = YES_AGGRESSIVE;
				CLANG_WARN_UNREACHABLE_CODE = YES;
				CLANG_WARN__DUPLICATE_METHOD_MATCH = YES;
				COPY_PHASE_STRIP = NO;
				DEBUG_INFORMATION_FORMAT = "dwarf-with-dsym";
				DEVELOPMENT_TEAM = YJ623CW64Z;
				ENABLE_NS_ASSERTIONS = NO;
				ENABLE_STRICT_OBJC_MSGSEND = YES;
				ENABLE_USER_SCRIPT_SANDBOXING = YES;
				GCC_C_LANGUAGE_STANDARD = gnu17;
				GCC_NO_COMMON_BLOCKS = YES;
				GCC_WARN_64_TO_32_BIT_CONVERSION = YES;
				GCC_WARN_ABOUT_RETURN_TYPE = YES_ERROR;
				GCC_WARN_UNDECLARED_SELECTOR = YES;
				GCC_WARN_UNINITIALIZED_AUTOS = YES_AGGRESSIVE;
				GCC_WARN_UNUSED_FUNCTION = YES;
				GCC_WARN_UNUSED_VARIABLE = YES;
				IPHONEOS_DEPLOYMENT_TARGET = 26.2;
				LOCALIZATION_PREFERS_STRING_CATALOGS = YES;
				MTL_ENABLE_DEBUG_INFO = NO;
				MTL_FAST_MATH = YES;
				SDKROOT = iphoneos;
				SWIFT_COMPILATION_MODE = wholemodule;
				VALIDATE_PRODUCT = YES;
			};
			name = Release;
		};
<<<<<<< HEAD
		0005C8EA2F20418E006E7339 /* Debug */ = {
=======
		001668D72F2BF59C0092C385 /* Debug */ = {
>>>>>>> da385e9 (Initial Commit)
			isa = XCBuildConfiguration;
			buildSettings = {
				ASSETCATALOG_COMPILER_APPICON_NAME = AppIcon;
				ASSETCATALOG_COMPILER_GLOBAL_ACCENT_COLOR_NAME = AccentColor;
				CODE_SIGN_STYLE = Automatic;
				CURRENT_PROJECT_VERSION = 1;
				DEVELOPMENT_TEAM = YJ623CW64Z;
				ENABLE_PREVIEWS = YES;
				GENERATE_INFOPLIST_FILE = YES;
				INFOPLIST_KEY_UIApplicationSceneManifest_Generation = YES;
				INFOPLIST_KEY_UIApplicationSupportsIndirectInputEvents = YES;
				INFOPLIST_KEY_UILaunchScreen_Generation = YES;
				INFOPLIST_KEY_UISupportedInterfaceOrientations_iPad = "UIInterfaceOrientationPortrait UIInterfaceOrientationPortraitUpsideDown UIInterfaceOrientationLandscapeLeft UIInterfaceOrientationLandscapeRight";
				INFOPLIST_KEY_UISupportedInterfaceOrientations_iPhone = "UIInterfaceOrientationPortrait UIInterfaceOrientationLandscapeLeft UIInterfaceOrientationLandscapeRight";
				LD_RUNPATH_SEARCH_PATHS = (
					"$(inherited)",
					"@executable_path/Frameworks",
				);
				MARKETING_VERSION = 1.0;
				PRODUCT_BUNDLE_IDENTIFIER = DayMode.DayMode;
				PRODUCT_NAME = "$(TARGET_NAME)";
				STRING_CATALOG_GENERATE_SYMBOLS = YES;
				SWIFT_APPROACHABLE_CONCURRENCY = YES;
				SWIFT_DEFAULT_ACTOR_ISOLATION = MainActor;
				SWIFT_EMIT_LOC_STRINGS = YES;
				SWIFT_UPCOMING_FEATURE_MEMBER_IMPORT_VISIBILITY = YES;
				SWIFT_VERSION = 5.0;
				TARGETED_DEVICE_FAMILY = "1,2";
			};
			name = Debug;
		};
<<<<<<< HEAD
		0005C8EB2F20418E006E7339 /* Release */ = {
=======
		001668D82F2BF59C0092C385 /* Release */ = {
>>>>>>> da385e9 (Initial Commit)
			isa = XCBuildConfiguration;
			buildSettings = {
				ASSETCATALOG_COMPILER_APPICON_NAME = AppIcon;
				ASSETCATALOG_COMPILER_GLOBAL_ACCENT_COLOR_NAME = AccentColor;
				CODE_SIGN_STYLE = Automatic;
				CURRENT_PROJECT_VERSION = 1;
				DEVELOPMENT_TEAM = YJ623CW64Z;
				ENABLE_PREVIEWS = YES;
				GENERATE_INFOPLIST_FILE = YES;
				INFOPLIST_KEY_UIApplicationSceneManifest_Generation = YES;
				INFOPLIST_KEY_UIApplicationSupportsIndirectInputEvents = YES;
				INFOPLIST_KEY_UILaunchScreen_Generation = YES;
				INFOPLIST_KEY_UISupportedInterfaceOrientations_iPad = "UIInterfaceOrientationPortrait UIInterfaceOrientationPortraitUpsideDown UIInterfaceOrientationLandscapeLeft UIInterfaceOrientationLandscapeRight";
				INFOPLIST_KEY_UISupportedInterfaceOrientations_iPhone = "UIInterfaceOrientationPortrait UIInterfaceOrientationLandscapeLeft UIInterfaceOrientationLandscapeRight";
				LD_RUNPATH_SEARCH_PATHS = (
					"$(inherited)",
					"@executable_path/Frameworks",
				);
				MARKETING_VERSION = 1.0;
				PRODUCT_BUNDLE_IDENTIFIER = DayMode.DayMode;
				PRODUCT_NAME = "$(TARGET_NAME)";
				STRING_CATALOG_GENERATE_SYMBOLS = YES;
				SWIFT_APPROACHABLE_CONCURRENCY = YES;
				SWIFT_DEFAULT_ACTOR_ISOLATION = MainActor;
				SWIFT_EMIT_LOC_STRINGS = YES;
				SWIFT_UPCOMING_FEATURE_MEMBER_IMPORT_VISIBILITY = YES;
				SWIFT_VERSION = 5.0;
				TARGETED_DEVICE_FAMILY = "1,2";
			};
			name = Release;
		};
/* End XCBuildConfiguration section */

/* Begin XCConfigurationList section */
<<<<<<< HEAD
		0005C8D92F20418C006E7339 /* Build configuration list for PBXProject "DayMode" */ = {
			isa = XCConfigurationList;
			buildConfigurations = (
				0005C8E72F20418E006E7339 /* Debug */,
				0005C8E82F20418E006E7339 /* Release */,
=======
		001668C62F2BF59B0092C385 /* Build configuration list for PBXProject "DayMode" */ = {
			isa = XCConfigurationList;
			buildConfigurations = (
				001668D42F2BF59C0092C385 /* Debug */,
				001668D52F2BF59C0092C385 /* Release */,
>>>>>>> da385e9 (Initial Commit)
			);
			defaultConfigurationIsVisible = 0;
			defaultConfigurationName = Release;
		};
<<<<<<< HEAD
		0005C8E92F20418E006E7339 /* Build configuration list for PBXNativeTarget "DayMode" */ = {
			isa = XCConfigurationList;
			buildConfigurations = (
				0005C8EA2F20418E006E7339 /* Debug */,
				0005C8EB2F20418E006E7339 /* Release */,
=======
		001668D62F2BF59C0092C385 /* Build configuration list for PBXNativeTarget "DayMode" */ = {
			isa = XCConfigurationList;
			buildConfigurations = (
				001668D72F2BF59C0092C385 /* Debug */,
				001668D82F2BF59C0092C385 /* Release */,
>>>>>>> da385e9 (Initial Commit)
			);
			defaultConfigurationIsVisible = 0;
			defaultConfigurationName = Release;
		};
/* End XCConfigurationList section */
	};
<<<<<<< HEAD
	rootObject = 0005C8D62F20418C006E7339 /* Project object */;
=======
	rootObject = 001668C32F2BF59B0092C385 /* Project object */;
>>>>>>> da385e9 (Initial Commit)
}
